
Microsoft Visual Studio Solution File, Format Version 11.00
# Visual Studio 2010
Project("{8BC9CEB8-8B4A-11D0-8D11-00A0C91BC942}") = "P2P_Client_VS2010_proj", "P2P_Client_VS2010_proj.vcxproj", "{ACA38406-2BC7-4A2A-AC8D-A17CEBD5BEBD}"
EndProject
Global
	GlobalSection(SolutionConfigurationPlatforms) = preSolution
		Debug|Win32 = Debug|Win32
		Release|Win32 = Release|Win32
	EndGlobalSection
	GlobalSection(ProjectConfigurationPlatforms) = postSolution
		{ACA38406-2BC7-4A2A-AC8D-A17CEBD5BEBD}.Debug|Win32.ActiveCfg = Debug|Win32
		{ACA38406-2BC7-4A2A-AC8D-A17CEBD5BEBD}.Debug|Win32.Build.0 = Debug|Win32
		{ACA38406-2BC7-4A2A-AC8D-A17CEBD5BEBD}.Release|Win32.ActiveCfg = Release|Win32
		{ACA38406-2BC7-4A2A-AC8D-A17CEBD5BEBD}.Release|Win32.Build.0 = Release|Win32
	EndGlobalSection
	GlobalSection(SolutionProperties) = preSolution
		HideSolutionNode = FALSE
	EndGlobalSection
EndGlobal
