<?xml version="1.0" encoding="utf-8"?>
<Project ToolsVersion="4.0" xmlns="http://schemas.microsoft.com/developer/msbuild/2003">
  <ItemGroup>
    <Filter Include="原始程式檔">
      <UniqueIdentifier>{4FC737F1-C7A5-4376-A066-2A32D752A2FF}</UniqueIdentifier>
      <Extensions>cpp;c;cc;cxx;def;odl;idl;hpj;bat;asm;asmx</Extensions>
    </Filter>
    <Filter Include="標頭檔">
      <UniqueIdentifier>{93995380-89BD-4b04-88EB-625FBE52EBFB}</UniqueIdentifier>
      <Extensions>h;hpp;hxx;hm;inl;inc;xsd</Extensions>
    </Filter>
    <Filter Include="資源檔">
      <UniqueIdentifier>{67DA6AB6-F800-4c08-8B7A-83BB121AAD01}</UniqueIdentifier>
      <Extensions>rc;ico;cur;bmp;dlg;rc2;rct;bin;rgs;gif;jpg;jpeg;jpe;resx;tiff;tif;png;wav;mfcribbon-ms</Extensions>
    </Filter>
  </ItemGroup>
  <ItemGroup>
    <ClCompile Include="..\..\stream_handler_udp.cpp">
      <Filter>原始程式檔</Filter>
    </ClCompile>
    <ClCompile Include="..\..\stream_server.cpp">
      <Filter>原始程式檔</Filter>
    </ClCompile>
    <ClCompile Include="..\..\stream_udp.cpp">
      <Filter>原始程式檔</Filter>
    </ClCompile>
    <ClCompile Include="..\..\amf.cpp">
      <Filter>原始程式檔</Filter>
    </ClCompile>
    <ClCompile Include="..\..\basic_class.cpp">
      <Filter>原始程式檔</Filter>
    </ClCompile>
    <ClCompile Include="..\..\bit_stream_httpout.cpp">
      <Filter>原始程式檔</Filter>
    </ClCompile>
    <ClCompile Include="..\..\bit_stream_out.cpp">
      <Filter>原始程式檔</Filter>
    </ClCompile>
    <ClCompile Include="..\..\bit_stream_server.cpp">
      <Filter>原始程式檔</Filter>
    </ClCompile>
    <ClCompile Include="..\..\configuration.cpp">
      <Filter>原始程式檔</Filter>
    </ClCompile>
    <ClCompile Include="..\..\EpollFake.cpp">
      <Filter>原始程式檔</Filter>
    </ClCompile>
    <ClCompile Include="..\..\logger.cpp">
      <Filter>原始程式檔</Filter>
    </ClCompile>
    <ClCompile Include="..\..\main.cpp">
      <Filter>原始程式檔</Filter>
    </ClCompile>
    <ClCompile Include="..\..\network.cpp">
      <Filter>原始程式檔</Filter>
    </ClCompile>
    <ClCompile Include="..\..\parseurl.cpp">
      <Filter>原始程式檔</Filter>
    </ClCompile>
    <ClCompile Include="..\..\peer.cpp">
      <Filter>原始程式檔</Filter>
    </ClCompile>
    <ClCompile Include="..\..\peer_mgr.cpp">
      <Filter>原始程式檔</Filter>
    </ClCompile>
    <ClCompile Include="..\..\pk_mgr.cpp">
      <Filter>原始程式檔</Filter>
    </ClCompile>
    <ClCompile Include="..\..\rtmp.cpp">
      <Filter>原始程式檔</Filter>
    </ClCompile>
    <ClCompile Include="..\..\rtmp_server.cpp">
      <Filter>原始程式檔</Filter>
    </ClCompile>
    <ClCompile Include="..\..\rtmp_supplement.cpp">
      <Filter>原始程式檔</Filter>
    </ClCompile>
    <ClCompile Include="..\..\rtmp_viewer.cpp">
      <Filter>原始程式檔</Filter>
    </ClCompile>
    <ClCompile Include="..\..\rtsp_server.cpp">
      <Filter>原始程式檔</Filter>
    </ClCompile>
    <ClCompile Include="..\..\rtsp_viewer.cpp">
      <Filter>原始程式檔</Filter>
    </ClCompile>
    <ClCompile Include="..\..\ss_rtsp.cpp">
      <Filter>原始程式檔</Filter>
    </ClCompile>
    <ClCompile Include="..\..\stream.cpp">
      <Filter>原始程式檔</Filter>
    </ClCompile>
    <ClCompile Include="..\..\stream_handler.cpp">
      <Filter>原始程式檔</Filter>
    </ClCompile>
  </ItemGroup>
  <ItemGroup>
    <ClInclude Include="..\..\stdint.h">
      <Filter>標頭檔</Filter>
    </ClInclude>
    <ClInclude Include="..\..\stream.h">
      <Filter>標頭檔</Filter>
    </ClInclude>
    <ClInclude Include="..\..\stream_handler.h">
      <Filter>標頭檔</Filter>
    </ClInclude>
    <ClInclude Include="..\..\stream_handler_udp.h">
      <Filter>標頭檔</Filter>
    </ClInclude>
    <ClInclude Include="..\..\stream_server.h">
      <Filter>標頭檔</Filter>
    </ClInclude>
    <ClInclude Include="..\..\stream_udp.h">
      <Filter>標頭檔</Filter>
    </ClInclude>
    <ClInclude Include="..\..\amf.h">
      <Filter>標頭檔</Filter>
    </ClInclude>
    <ClInclude Include="..\..\basic_class.h">
      <Filter>標頭檔</Filter>
    </ClInclude>
    <ClInclude Include="..\..\bit_stream_httpout.h">
      <Filter>標頭檔</Filter>
    </ClInclude>
    <ClInclude Include="..\..\bit_stream_out.h">
      <Filter>標頭檔</Filter>
    </ClInclude>
    <ClInclude Include="..\..\bit_stream_server.h">
      <Filter>標頭檔</Filter>
    </ClInclude>
    <ClInclude Include="..\..\bytes.h">
      <Filter>標頭檔</Filter>
    </ClInclude>
    <ClInclude Include="..\..\common.h">
      <Filter>標頭檔</Filter>
    </ClInclude>
    <ClInclude Include="..\..\configuration.h">
      <Filter>標頭檔</Filter>
    </ClInclude>
    <ClInclude Include="..\..\EpollFake.h">
      <Filter>標頭檔</Filter>
    </ClInclude>
    <ClInclude Include="..\..\logger.h">
      <Filter>標頭檔</Filter>
    </ClInclude>
    <ClInclude Include="..\..\network.h">
      <Filter>標頭檔</Filter>
    </ClInclude>
    <ClInclude Include="..\..\parseurl.h">
      <Filter>標頭檔</Filter>
    </ClInclude>
    <ClInclude Include="..\..\peer.h">
      <Filter>標頭檔</Filter>
    </ClInclude>
    <ClInclude Include="..\..\peer_mgr.h">
      <Filter>標頭檔</Filter>
    </ClInclude>
    <ClInclude Include="..\..\pk_mgr.h">
      <Filter>標頭檔</Filter>
    </ClInclude>
    <ClInclude Include="..\..\rtmp.h">
      <Filter>標頭檔</Filter>
    </ClInclude>
    <ClInclude Include="..\..\rtmp_server.h">
      <Filter>標頭檔</Filter>
    </ClInclude>
    <ClInclude Include="..\..\rtmp_supplement.h">
      <Filter>標頭檔</Filter>
    </ClInclude>
    <ClInclude Include="..\..\rtmp_viewer.h">
      <Filter>標頭檔</Filter>
    </ClInclude>
    <ClInclude Include="..\..\rtsp_server.h">
      <Filter>標頭檔</Filter>
    </ClInclude>
    <ClInclude Include="..\..\rtsp_viewer.h">
      <Filter>標頭檔</Filter>
    </ClInclude>
    <ClInclude Include="..\..\ss_rtsp.h">
      <Filter>標頭檔</Filter>
    </ClInclude>
  </ItemGroup>
  <ItemGroup>
    <None Include="..\..\config.ini">
      <Filter>資源檔</Filter>
    </None>
    <None Include="..\..\Makefile">
      <Filter>資源檔</Filter>
    </None>
  </ItemGroup>
</Project>